
Microsoft Visual Studio Solution File, Format Version 12.00
# Visual Studio 15
VisualStudioVersion = 15.0.27703.2047
MinimumVisualStudioVersion = 10.0.40219.1
Project("{FAE04EC0-301F-11D3-BF4B-00C04F79EFBC}") = "kotsplay", "kotsplay\kotsplay.csproj", "{629C2BDD-6B9C-4EC2-932D-D1B9E3652B96}"
EndProject
Global
	GlobalSection(SolutionConfigurationPlatforms) = preSolution
		Debug|Any CPU = Debug|Any CPU
		Release|Any CPU = Release|Any CPU
	EndGlobalSection
	GlobalSection(ProjectConfigurationPlatforms) = postSolution
		{629C2BDD-6B9C-4EC2-932D-D1B9E3652B96}.Debug|Any CPU.ActiveCfg = Debug|Any CPU
		{629C2BDD-6B9C-4EC2-932D-D1B9E3652B96}.Debug|Any CPU.Build.0 = Debug|Any CPU
		{629C2BDD-6B9C-4EC2-932D-D1B9E3652B96}.Debug|Any CPU.Deploy.0 = Debug|Any CPU
		{629C2BDD-6B9C-4EC2-932D-D1B9E3652B96}.Release|Any CPU.ActiveCfg = Release|Any CPU
		{629C2BDD-6B9C-4EC2-932D-D1B9E3652B96}.Release|Any CPU.Build.0 = Release|Any CPU
		{629C2BDD-6B9C-4EC2-932D-D1B9E3652B96}.Release|Any CPU.Deploy.0 = Release|Any CPU
	EndGlobalSection
	GlobalSection(SolutionProperties) = preSolution
		HideSolutionNode = FALSE
	EndGlobalSection
	GlobalSection(ExtensibilityGlobals) = postSolution
		SolutionGuid = {99C334F0-9D05-425F-ADAB-8EA7292CB87D}
	EndGlobalSection
EndGlobal
